
Microsoft Visual Studio Solution File, Format Version 10.00
# Visual Studio 2008
Project("{8BC9CEB8-8B4A-11D0-8D11-00A0C91BC942}") = "HGE Game", "HGE Game\HGE Game.vcproj", "{06A2B325-00FF-458B-8BBC-709A25100E8F}"
EndProject
Global
	GlobalSection(SolutionConfigurationPlatforms) = preSolution
		Debug|Win32 = Debug|Win32
		Release|Win32 = Release|Win32
	EndGlobalSection
	GlobalSection(ProjectConfigurationPlatforms) = postSolution
		{06A2B325-00FF-458B-8BBC-709A25100E8F}.Debug|Win32.ActiveCfg = Debug|Win32
		{06A2B325-00FF-458B-8BBC-709A25100E8F}.Debug|Win32.Build.0 = Debug|Win32
		{06A2B325-00FF-458B-8BBC-709A25100E8F}.Release|Win32.ActiveCfg = Release|Win32
		{06A2B325-00FF-458B-8BBC-709A25100E8F}.Release|Win32.Build.0 = Release|Win32
	EndGlobalSection
	GlobalSection(SolutionProperties) = preSolution
		HideSolutionNode = FALSE
	EndGlobalSection
EndGlobal
